{"1.2.0",
[{<<"ddskerl">>,{pkg,<<"ddskerl">>,<<"0.4.3">>},1},
 {<<"etran">>,{pkg,<<"etran">>,<<"0.5.0">>},0},
 {<<"prometheus">>,{pkg,<<"prometheus">>,<<"6.1.2">>},0},
 {<<"telemetry">>,{pkg,<<"telemetry">>,<<"1.3.0">>},0},
 {<<"util">>,{pkg,<<"util">>,<<"1.3.2">>},0}]}.
[
{pkg_hash,[
 {<<"ddskerl">>, <<"BB97B90EEF1B5906520CEBDD38DA29B18A770B5567F6297927F53566EAE9BEBB">>},
 {<<"etran">>, <<"7A29E7FE369C9DA7D8D29334AFD7C9C94045571B8AE4B5E895A58F110C81621A">>},
 {<<"prometheus">>, <<"E5C3C567CD8B0994425920763405635211183C15BDC47D0CD524807DDE20CA1D">>},
 {<<"telemetry">>, <<"FEDEBBAE410D715CF8E7062C96A1EF32EC22E764197F70CDA73D82778D61E7A2">>},
 {<<"util">>, <<"4086EE7C8A9CFC4379B01E875D32A5F4BD77757F76669318EACB4DF558DD8F21">>}]},
{pkg_hash_ext,[
 {<<"ddskerl">>, <<"4E0F6047C6A002CE38F6EA155276DD918CD635FD0A5EDB9E0B46AEB6F7AFF2C2">>},
 {<<"etran">>, <<"0752F21D8079ABFD89B9C786DF4E32DE6D52669643095530E5A393AA87D009F3">>},
 {<<"prometheus">>, <<"109662001328112B860DE112D49B575310BE8FF33FE04BF0482EEC4B1E5A1278">>},
 {<<"telemetry">>, <<"7015FC8919DBE63764F4B4B87A95B7C0996BD539E0D499BE6EC9D7F3875B79E6">>},
 {<<"util">>, <<"1E3CEF8FD3F5C3784342E56B653B4B6E061B24FA8BED444DCD9A5A2B18FFB527">>}]}
].
